
Microsoft Visual Studio Solution File, Format Version 12.00
# Visual Studio Version 17
VisualStudioVersion = 17.0.31903.59
MinimumVisualStudioVersion = 10.0.40219.1
Project("{FAE04EC0-301F-11D3-BF4B-00C04F79EFBC}") = "Reversi_final", "Reversi_final\Reversi_final.csproj", "{A260D1DA-9B0E-4140-A293-88291DD060C6}"
EndProject
Global
	GlobalSection(SolutionConfigurationPlatforms) = preSolution
		Debug|Any CPU = Debug|Any CPU
		Release|Any CPU = Release|Any CPU
	EndGlobalSection
	GlobalSection(ProjectConfigurationPlatforms) = postSolution
		{A260D1DA-9B0E-4140-A293-88291DD060C6}.Debug|Any CPU.ActiveCfg = Debug|Any CPU
		{A260D1DA-9B0E-4140-A293-88291DD060C6}.Debug|Any CPU.Build.0 = Debug|Any CPU
		{A260D1DA-9B0E-4140-A293-88291DD060C6}.Release|Any CPU.ActiveCfg = Release|Any CPU
		{A260D1DA-9B0E-4140-A293-88291DD060C6}.Release|Any CPU.Build.0 = Release|Any CPU
	EndGlobalSection
	GlobalSection(SolutionProperties) = preSolution
		HideSolutionNode = FALSE
	EndGlobalSection
	GlobalSection(ExtensibilityGlobals) = postSolution
		SolutionGuid = {F0EA8AB5-E086-40CD-9A41-EF80A9A0CE7B}
	EndGlobalSection
EndGlobal
